
Microsoft Visual Studio Solution File, Format Version 12.00
# Visual Studio Version 16
VisualStudioVersion = 16.0.29306.81
MinimumVisualStudioVersion = 10.0.40219.1
Project("{9A19103F-16F7-4668-BE54-9A1E7A4F7556}") = "datingapp.api", "datingapp.api\datingapp.api.csproj", "{CF3010E9-6FAC-45D3-8C5F-9BEB1545F307}"
EndProject
Project("{E24C65DC-7377-472B-9ABA-BC803B73C61A}") = "datingapp-spa", "datingapp-spa\", "{9979F6DD-C3E4-4D39-88CE-34E09852CFEB}"
	ProjectSection(WebsiteProperties) = preProject
		TargetFrameworkMoniker = ".NETFramework,Version%3Dv4.0"
		Debug.AspNetCompiler.VirtualPath = "/localhost_52270"
		Debug.AspNetCompiler.PhysicalPath = "datingapp-spa\"
		Debug.AspNetCompiler.TargetPath = "PrecompiledWeb\localhost_52270\"
		Debug.AspNetCompiler.Updateable = "true"
		Debug.AspNetCompiler.ForceOverwrite = "true"
		Debug.AspNetCompiler.FixedNames = "false"
		Debug.AspNetCompiler.Debug = "True"
		Release.AspNetCompiler.VirtualPath = "/localhost_52270"
		Release.AspNetCompiler.PhysicalPath = "datingapp-spa\"
		Release.AspNetCompiler.TargetPath = "PrecompiledWeb\localhost_52270\"
		Release.AspNetCompiler.Updateable = "true"
		Release.AspNetCompiler.ForceOverwrite = "true"
		Release.AspNetCompiler.FixedNames = "false"
		Release.AspNetCompiler.Debug = "False"
		VWDPort = "52270"
	EndProjectSection
EndProject
Global
	GlobalSection(SolutionConfigurationPlatforms) = preSolution
		Debug|Any CPU = Debug|Any CPU
		Release|Any CPU = Release|Any CPU
	EndGlobalSection
	GlobalSection(ProjectConfigurationPlatforms) = postSolution
		{CF3010E9-6FAC-45D3-8C5F-9BEB1545F307}.Debug|Any CPU.ActiveCfg = Debug|Any CPU
		{CF3010E9-6FAC-45D3-8C5F-9BEB1545F307}.Debug|Any CPU.Build.0 = Debug|Any CPU
		{CF3010E9-6FAC-45D3-8C5F-9BEB1545F307}.Release|Any CPU.ActiveCfg = Release|Any CPU
		{CF3010E9-6FAC-45D3-8C5F-9BEB1545F307}.Release|Any CPU.Build.0 = Release|Any CPU
		{9979F6DD-C3E4-4D39-88CE-34E09852CFEB}.Debug|Any CPU.ActiveCfg = Debug|Any CPU
		{9979F6DD-C3E4-4D39-88CE-34E09852CFEB}.Debug|Any CPU.Build.0 = Debug|Any CPU
		{9979F6DD-C3E4-4D39-88CE-34E09852CFEB}.Release|Any CPU.ActiveCfg = Debug|Any CPU
		{9979F6DD-C3E4-4D39-88CE-34E09852CFEB}.Release|Any CPU.Build.0 = Debug|Any CPU
	EndGlobalSection
	GlobalSection(SolutionProperties) = preSolution
		HideSolutionNode = FALSE
	EndGlobalSection
	GlobalSection(ExtensibilityGlobals) = postSolution
		SolutionGuid = {C501FF2B-AA32-4E9C-9DB9-51FEC61298A5}
	EndGlobalSection
EndGlobal
